
Microsoft Visual Studio Solution File, Format Version 12.00
# Visual Studio 15
VisualStudioVersion = 15.0.27428.2015
MinimumVisualStudioVersion = 10.0.40219.1
Project("{FAE04EC0-301F-11D3-BF4B-00C04F79EFBC}") = "ConsoleApp1", "ConsoleApp1\ConsoleApp1.csproj", "{3EC6B331-3545-4A74-860C-FECF77FD2E80}"
EndProject
Global
	GlobalSection(SolutionConfigurationPlatforms) = preSolution
		Debug|Any CPU = Debug|Any CPU
		Release|Any CPU = Release|Any CPU
	EndGlobalSection
	GlobalSection(ProjectConfigurationPlatforms) = postSolution
		{3EC6B331-3545-4A74-860C-FECF77FD2E80}.Debug|Any CPU.ActiveCfg = Debug|Any CPU
		{3EC6B331-3545-4A74-860C-FECF77FD2E80}.Debug|Any CPU.Build.0 = Debug|Any CPU
		{3EC6B331-3545-4A74-860C-FECF77FD2E80}.Release|Any CPU.ActiveCfg = Release|Any CPU
		{3EC6B331-3545-4A74-860C-FECF77FD2E80}.Release|Any CPU.Build.0 = Release|Any CPU
	EndGlobalSection
	GlobalSection(SolutionProperties) = preSolution
		HideSolutionNode = FALSE
	EndGlobalSection
	GlobalSection(ExtensibilityGlobals) = postSolution
		SolutionGuid = {FC10041F-687E-429A-AEA7-CC19522BFC68}
	EndGlobalSection
EndGlobal
