
Microsoft Visual Studio Solution File, Format Version 12.00
# Visual Studio Version 16
VisualStudioVersion = 16.0.28822.285
MinimumVisualStudioVersion = 10.0.40219.1
Project("{9A19103F-16F7-4668-BE54-9A1E7A4F7556}") = "RegEx.Video.Ocr", "RegEx.Video.Ocr\RegEx.Video.Ocr.csproj", "{471856B9-1F8A-433D-8E53-72617F26B697}"
EndProject
Project("{9A19103F-16F7-4668-BE54-9A1E7A4F7556}") = "RegEx.Video.Utilities", "RegEx.Video.Utilities\RegEx.Video.Utilities.csproj", "{5835C696-B780-49AA-AD4A-EB6A62BAF6BC}"
EndProject
Project("{9A19103F-16F7-4668-BE54-9A1E7A4F7556}") = "RegEx.Video.Utilities.Ocr", "RegEx.Video.Utilities.Ocr\RegEx.Video.Utilities.Ocr.csproj", "{AA168698-F07E-4D02-8650-12CFE5167FFD}"
EndProject
Project("{9A19103F-16F7-4668-BE54-9A1E7A4F7556}") = "RegExVideoJobRunner", "RegExVideoJobRunner\RegExVideoJobRunner.csproj", "{CADD7D67-79A4-40FE-8177-1D311B790723}"
EndProject
Global
	GlobalSection(SolutionConfigurationPlatforms) = preSolution
		Debug|Any CPU = Debug|Any CPU
		Release|Any CPU = Release|Any CPU
	EndGlobalSection
	GlobalSection(ProjectConfigurationPlatforms) = postSolution
		{471856B9-1F8A-433D-8E53-72617F26B697}.Debug|Any CPU.ActiveCfg = Debug|Any CPU
		{471856B9-1F8A-433D-8E53-72617F26B697}.Debug|Any CPU.Build.0 = Debug|Any CPU
		{471856B9-1F8A-433D-8E53-72617F26B697}.Release|Any CPU.ActiveCfg = Release|Any CPU
		{471856B9-1F8A-433D-8E53-72617F26B697}.Release|Any CPU.Build.0 = Release|Any CPU
		{5835C696-B780-49AA-AD4A-EB6A62BAF6BC}.Debug|Any CPU.ActiveCfg = Debug|Any CPU
		{5835C696-B780-49AA-AD4A-EB6A62BAF6BC}.Debug|Any CPU.Build.0 = Debug|Any CPU
		{5835C696-B780-49AA-AD4A-EB6A62BAF6BC}.Release|Any CPU.ActiveCfg = Release|Any CPU
		{5835C696-B780-49AA-AD4A-EB6A62BAF6BC}.Release|Any CPU.Build.0 = Release|Any CPU
		{AA168698-F07E-4D02-8650-12CFE5167FFD}.Debug|Any CPU.ActiveCfg = Debug|Any CPU
		{AA168698-F07E-4D02-8650-12CFE5167FFD}.Debug|Any CPU.Build.0 = Debug|Any CPU
		{AA168698-F07E-4D02-8650-12CFE5167FFD}.Release|Any CPU.ActiveCfg = Release|Any CPU
		{AA168698-F07E-4D02-8650-12CFE5167FFD}.Release|Any CPU.Build.0 = Release|Any CPU
		{CADD7D67-79A4-40FE-8177-1D311B790723}.Debug|Any CPU.ActiveCfg = Debug|Any CPU
		{CADD7D67-79A4-40FE-8177-1D311B790723}.Debug|Any CPU.Build.0 = Debug|Any CPU
		{CADD7D67-79A4-40FE-8177-1D311B790723}.Release|Any CPU.ActiveCfg = Release|Any CPU
		{CADD7D67-79A4-40FE-8177-1D311B790723}.Release|Any CPU.Build.0 = Release|Any CPU
	EndGlobalSection
	GlobalSection(SolutionProperties) = preSolution
		HideSolutionNode = FALSE
	EndGlobalSection
	GlobalSection(ExtensibilityGlobals) = postSolution
		SolutionGuid = {FF308712-6CAC-4167-8A9D-85E39CB47C91}
	EndGlobalSection
EndGlobal
